
Microsoft Visual Studio Solution File, Format Version 12.00
# Visual Studio Version 17
VisualStudioVersion = 17.9.34622.214
MinimumVisualStudioVersion = 10.0.40219.1
Project("{FAE04EC0-301F-11D3-BF4B-00C04F79EFBC}") = "WebApplicationMatensa", "WebApplicationMatensa\WebApplicationMatensa.csproj", "{9C57991B-E664-4310-A1B8-70C73D197715}"
EndProject
Global
	GlobalSection(SolutionConfigurationPlatforms) = preSolution
		Debug|Any CPU = Debug|Any CPU
		Release|Any CPU = Release|Any CPU
	EndGlobalSection
	GlobalSection(ProjectConfigurationPlatforms) = postSolution
		{9C57991B-E664-4310-A1B8-70C73D197715}.Debug|Any CPU.ActiveCfg = Debug|Any CPU
		{9C57991B-E664-4310-A1B8-70C73D197715}.Debug|Any CPU.Build.0 = Debug|Any CPU
		{9C57991B-E664-4310-A1B8-70C73D197715}.Release|Any CPU.ActiveCfg = Release|Any CPU
		{9C57991B-E664-4310-A1B8-70C73D197715}.Release|Any CPU.Build.0 = Release|Any CPU
	EndGlobalSection
	GlobalSection(SolutionProperties) = preSolution
		HideSolutionNode = FALSE
	EndGlobalSection
	GlobalSection(ExtensibilityGlobals) = postSolution
		SolutionGuid = {B7EBF4B6-D3BA-418E-B7CA-F3368236A738}
	EndGlobalSection
EndGlobal
